// !$*UTF8*$!
{
	archiveVersion = 1;
	classes = {
	};
	objectVersion = 56;
	objects = {

/* Begin PBXBuildFile section */
		7987689A43D545BBF2CE5311 /* ColorTheme.swift in Sources */ = {isa = PBXBuildFile; fileRef = 3E3E9F7B5497C79AF8BE6FEF /* ColorTheme.swift */; };
		B2E350217013093ED6FF0EB4 /* ViewModifiers.swift in Sources */ = {isa = PBXBuildFile; fileRef = 18A07A05D562BCC5BB141289 /* ViewModifiers.swift */; };
		3DA0DDC571E55E6498EC7B33 /* SafeSQLBuilder.swift in Sources */ = {isa = PBXBuildFile; fileRef = 6D0E84F363FC5C5ADE976860 /* SafeSQLBuilder.swift */; };
		5EDE5880BA3B24084EFA262B /* PracticeSessionView.swift in Sources */ = {isa = PBXBuildFile; fileRef = ABFCFA2A47D0DD1D0A98B021 /* PracticeSessionView.swift */; };
		55FF29FCC94A3D5ACD69862D /* EnhancedStatisticsView.swift in Sources */ = {isa = PBXBuildFile; fileRef = B740C3D3451AAEA0FD865F6C /* EnhancedStatisticsView.swift */; };
		2649A236DF87A10C9313FBDC /* SpacedRepetitionService.swift in Sources */ = {isa = PBXBuildFile; fileRef = 9FEAF047EFC1473AD6A9770F /* SpacedRepetitionService.swift */; };
		001 /* MoyuApp.swift in Sources */ = {isa = PBXBuildFile; fileRef = 101 /* MoyuApp.swift */; };
		002 /* AppState.swift in Sources */ = {isa = PBXBuildFile; fileRef = 102 /* AppState.swift */; };
		003 /* Word.swift in Sources */ = {isa = PBXBuildFile; fileRef = 103 /* Word.swift */; };
		004 /* DatabaseService.swift in Sources */ = {isa = PBXBuildFile; fileRef = 104 /* DatabaseService.swift */; };
		005 /* ContentView.swift in Sources */ = {isa = PBXBuildFile; fileRef = 105 /* ContentView.swift */; };
		006 /* HomeView.swift in Sources */ = {isa = PBXBuildFile; fileRef = 106 /* HomeView.swift */; };
		007 /* RememberView.swift in Sources */ = {isa = PBXBuildFile; fileRef = 107 /* RememberView.swift */; };
		008 /* ChoiceView.swift in Sources */ = {isa = PBXBuildFile; fileRef = 108 /* ChoiceView.swift */; };
		009 /* CongratulateView.swift in Sources */ = {isa = PBXBuildFile; fileRef = 109 /* CongratulateView.swift */; };
		010 /* Extensions.swift in Sources */ = {isa = PBXBuildFile; fileRef = 110 /* Extensions.swift */; };
		011 /* Assets.xcassets in Resources */ = {isa = PBXBuildFile; fileRef = 111 /* Assets.xcassets */; };
		012 /* moyu.db in Resources */ = {isa = PBXBuildFile; fileRef = 113 /* moyu.db */; };
		013 /* WrongBookView.swift in Sources */ = {isa = PBXBuildFile; fileRef = 114 /* WrongBookView.swift */; };
		014 /* FavoritesView.swift in Sources */ = {isa = PBXBuildFile; fileRef = 115 /* FavoritesView.swift */; };
		015 /* StatisticsView.swift in Sources */ = {isa = PBXBuildFile; fileRef = 116 /* StatisticsView.swift */; };
		016 /* SettingsView.swift in Sources */ = {isa = PBXBuildFile; fileRef = 117 /* SettingsView.swift */; };
		34C1300C4F1348BA870E9C03 /* ContentViewV3.swift in Sources */ = {isa = PBXBuildFile; fileRef = 93A372C9B9874E449843B000 /* ContentViewV3.swift */; };
		53A31D7FA848453498FC3268 /* PronunciationService.swift in Sources */ = {isa = PBXBuildFile; fileRef = 5AFAD062312C4276B27A78EA /* PronunciationService.swift */; };
		5519C7928D9C41DCB6965439 /* SettingsViewV3.swift in Sources */ = {isa = PBXBuildFile; fileRef = 7EF56C51031B4A489E34FFFD /* SettingsViewV3.swift */; };
		92C834AA714A4AE7B7DDAAC7 /* DesignTokens.swift in Sources */ = {isa = PBXBuildFile; fileRef = 7B8F1BAF2BF74DBC95E2CB2F /* DesignTokens.swift */; };
		1FFBF8D27E2445E5B2340D87 /* MoyuButtons.swift in Sources */ = {isa = PBXBuildFile; fileRef = C7E3C706176A4D1E932C0749 /* MoyuButtons.swift */; };
		9676A759E07E419F8F732560 /* MoyuCards.swift in Sources */ = {isa = PBXBuildFile; fileRef = 4131FA66893A4232BCC35653 /* MoyuCards.swift */; };
		CF85373C031C4E2AB04CC104 /* MoyuFeedback.swift in Sources */ = {isa = PBXBuildFile; fileRef = FE2080D565D84CC9A5CCB3AB /* MoyuFeedback.swift */; };
		D2D21AB4993E488C82A5F2C5 /* MoyuInputs.swift in Sources */ = {isa = PBXBuildFile; fileRef = 1557EE442C034535AA290008 /* MoyuInputs.swift */; };
		E5580CD7349B45579AB22661 /* HomeViewV3.swift in Sources */ = {isa = PBXBuildFile; fileRef = 33EE638A9F6743D3A354E84F /* HomeViewV3.swift */; };
		849FC9D0772C45BB8F41EC07 /* RememberViewV3.swift in Sources */ = {isa = PBXBuildFile; fileRef = 07A10A74AF5F4EAFB3491CEB /* RememberViewV3.swift */; };
		55AEDEEF9CC74D1EB3D122EC /* ChoiceViewV3.swift in Sources */ = {isa = PBXBuildFile; fileRef = ADE203276A174F1A811B71E9 /* ChoiceViewV3.swift */; };
		257C692B2A894E14988179EC /* StatisticsViewV3.swift in Sources */ = {isa = PBXBuildFile; fileRef = 398657A5F47A4874994598B4 /* StatisticsViewV3.swift */; };
		6A0E09015DCF4ABD8C85090B /* PracticeSessionViewV3.swift in Sources */ = {isa = PBXBuildFile; fileRef = 681495E6385840BDADBBF83A /* PracticeSessionViewV3.swift */; };
		90DB4AA49D014515A01440D7 /* CollectionsViewV3.swift in Sources */ = {isa = PBXBuildFile; fileRef = 98122735C248402AA73ED98B /* CollectionsViewV3.swift */; };
/* End PBXBuildFile section */

/* Begin PBXFileReference section */
		3E3E9F7B5497C79AF8BE6FEF /* ColorTheme.swift */ = {isa = PBXFileReference; lastKnownFileType = sourcecode.swift; path = ColorTheme.swift; sourceTree = "<group>"; };
		18A07A05D562BCC5BB141289 /* ViewModifiers.swift */ = {isa = PBXFileReference; lastKnownFileType = sourcecode.swift; path = ViewModifiers.swift; sourceTree = "<group>"; };
		6D0E84F363FC5C5ADE976860 /* SafeSQLBuilder.swift */ = {isa = PBXFileReference; lastKnownFileType = sourcecode.swift; path = SafeSQLBuilder.swift; sourceTree = "<group>"; };
		ABFCFA2A47D0DD1D0A98B021 /* PracticeSessionView.swift */ = {isa = PBXFileReference; lastKnownFileType = sourcecode.swift; path = PracticeSessionView.swift; sourceTree = "<group>"; };
		B740C3D3451AAEA0FD865F6C /* EnhancedStatisticsView.swift */ = {isa = PBXFileReference; lastKnownFileType = sourcecode.swift; path = EnhancedStatisticsView.swift; sourceTree = "<group>"; };
		9FEAF047EFC1473AD6A9770F /* SpacedRepetitionService.swift */ = {isa = PBXFileReference; lastKnownFileType = sourcecode.swift; path = SpacedRepetitionService.swift; sourceTree = "<group>"; };
		100 /* Moyu.app */ = {isa = PBXFileReference; explicitFileType = wrapper.application; includeInIndex = 0; path = Moyu.app; sourceTree = BUILT_PRODUCTS_DIR; };
		101 /* MoyuApp.swift */ = {isa = PBXFileReference; lastKnownFileType = sourcecode.swift; path = MoyuApp.swift; sourceTree = "<group>"; };
		102 /* AppState.swift */ = {isa = PBXFileReference; lastKnownFileType = sourcecode.swift; path = AppState.swift; sourceTree = "<group>"; };
		103 /* Word.swift */ = {isa = PBXFileReference; lastKnownFileType = sourcecode.swift; path = Word.swift; sourceTree = "<group>"; };
		104 /* DatabaseService.swift */ = {isa = PBXFileReference; lastKnownFileType = sourcecode.swift; path = DatabaseService.swift; sourceTree = "<group>"; };
		105 /* ContentView.swift */ = {isa = PBXFileReference; lastKnownFileType = sourcecode.swift; path = ContentView.swift; sourceTree = "<group>"; };
		106 /* HomeView.swift */ = {isa = PBXFileReference; lastKnownFileType = sourcecode.swift; path = HomeView.swift; sourceTree = "<group>"; };
		107 /* RememberView.swift */ = {isa = PBXFileReference; lastKnownFileType = sourcecode.swift; path = RememberView.swift; sourceTree = "<group>"; };
		108 /* ChoiceView.swift */ = {isa = PBXFileReference; lastKnownFileType = sourcecode.swift; path = ChoiceView.swift; sourceTree = "<group>"; };
		109 /* CongratulateView.swift */ = {isa = PBXFileReference; lastKnownFileType = sourcecode.swift; path = CongratulateView.swift; sourceTree = "<group>"; };
		110 /* Extensions.swift */ = {isa = PBXFileReference; lastKnownFileType = sourcecode.swift; path = Extensions.swift; sourceTree = "<group>"; };
		111 /* Assets.xcassets */ = {isa = PBXFileReference; lastKnownFileType = folder.assetcatalog; path = Assets.xcassets; sourceTree = "<group>"; };
		112 /* Moyu.entitlements */ = {isa = PBXFileReference; lastKnownFileType = text.plist.entitlements; path = Moyu.entitlements; sourceTree = "<group>"; };
		113 /* moyu.db */ = {isa = PBXFileReference; lastKnownFileType = file; path = moyu.db; sourceTree = "<group>"; };
		114 /* WrongBookView.swift */ = {isa = PBXFileReference; lastKnownFileType = sourcecode.swift; path = WrongBookView.swift; sourceTree = "<group>"; };
		115 /* FavoritesView.swift */ = {isa = PBXFileReference; lastKnownFileType = sourcecode.swift; path = FavoritesView.swift; sourceTree = "<group>"; };
		116 /* StatisticsView.swift */ = {isa = PBXFileReference; lastKnownFileType = sourcecode.swift; path = StatisticsView.swift; sourceTree = "<group>"; };
		117 /* SettingsView.swift */ = {isa = PBXFileReference; lastKnownFileType = sourcecode.swift; path = SettingsView.swift; sourceTree = "<group>"; };
		93A372C9B9874E449843B000 /* ContentViewV3.swift */ = {isa = PBXFileReference; lastKnownFileType = sourcecode.swift; name = ContentViewV3.swift; path = Moyu/ContentViewV3.swift; sourceTree = "<group>"; };
		5AFAD062312C4276B27A78EA /* PronunciationService.swift */ = {isa = PBXFileReference; lastKnownFileType = sourcecode.swift; name = PronunciationService.swift; path = Moyu/Services/PronunciationService.swift; sourceTree = "<group>"; };
		7EF56C51031B4A489E34FFFD /* SettingsViewV3.swift */ = {isa = PBXFileReference; lastKnownFileType = sourcecode.swift; name = SettingsViewV3.swift; path = Moyu/Features/Settings/SettingsViewV3.swift; sourceTree = "<group>"; };
		7B8F1BAF2BF74DBC95E2CB2F /* DesignTokens.swift */ = {isa = PBXFileReference; lastKnownFileType = sourcecode.swift; name = DesignTokens.swift; path = Moyu/Core/DesignSystem/DesignTokens.swift; sourceTree = "<group>"; };
		C7E3C706176A4D1E932C0749 /* MoyuButtons.swift */ = {isa = PBXFileReference; lastKnownFileType = sourcecode.swift; name = MoyuButtons.swift; path = Moyu/Core/Components/Buttons/MoyuButtons.swift; sourceTree = "<group>"; };
		4131FA66893A4232BCC35653 /* MoyuCards.swift */ = {isa = PBXFileReference; lastKnownFileType = sourcecode.swift; name = MoyuCards.swift; path = Moyu/Core/Components/Cards/MoyuCards.swift; sourceTree = "<group>"; };
		FE2080D565D84CC9A5CCB3AB /* MoyuFeedback.swift */ = {isa = PBXFileReference; lastKnownFileType = sourcecode.swift; name = MoyuFeedback.swift; path = Moyu/Core/Components/Feedback/MoyuFeedback.swift; sourceTree = "<group>"; };
		1557EE442C034535AA290008 /* MoyuInputs.swift */ = {isa = PBXFileReference; lastKnownFileType = sourcecode.swift; name = MoyuInputs.swift; path = Moyu/Core/Components/Inputs/MoyuInputs.swift; sourceTree = "<group>"; };
		33EE638A9F6743D3A354E84F /* HomeViewV3.swift */ = {isa = PBXFileReference; lastKnownFileType = sourcecode.swift; name = HomeViewV3.swift; path = Moyu/Features/Home/HomeViewV3.swift; sourceTree = "<group>"; };
		07A10A74AF5F4EAFB3491CEB /* RememberViewV3.swift */ = {isa = PBXFileReference; lastKnownFileType = sourcecode.swift; name = RememberViewV3.swift; path = Moyu/Features/Learn/RememberViewV3.swift; sourceTree = "<group>"; };
		ADE203276A174F1A811B71E9 /* ChoiceViewV3.swift */ = {isa = PBXFileReference; lastKnownFileType = sourcecode.swift; name = ChoiceViewV3.swift; path = Moyu/Features/Learn/ChoiceViewV3.swift; sourceTree = "<group>"; };
		398657A5F47A4874994598B4 /* StatisticsViewV3.swift */ = {isa = PBXFileReference; lastKnownFileType = sourcecode.swift; name = StatisticsViewV3.swift; path = Moyu/Features/Statistics/StatisticsViewV3.swift; sourceTree = "<group>"; };
		681495E6385840BDADBBF83A /* PracticeSessionViewV3.swift */ = {isa = PBXFileReference; lastKnownFileType = sourcecode.swift; name = PracticeSessionViewV3.swift; path = Moyu/Features/Practice/PracticeSessionViewV3.swift; sourceTree = "<group>"; };
		98122735C248402AA73ED98B /* CollectionsViewV3.swift */ = {isa = PBXFileReference; lastKnownFileType = sourcecode.swift; name = CollectionsViewV3.swift; path = Moyu/Features/Collections/CollectionsViewV3.swift; sourceTree = "<group>"; };
/* End PBXFileReference section */

/* Begin PBXFrameworksBuildPhase section */
		200 /* Frameworks */ = {
			isa = PBXFrameworksBuildPhase;
			buildActionMask = 2147483647;
			files = (
			);
			runOnlyForDeploymentPostprocessing = 0;
		};
/* End PBXFrameworksBuildPhase section */

/* Begin PBXGroup section */
		300 = {
			isa = PBXGroup;
			children = (
				301 /* Moyu */,
				302 /* Products */,
			);
			sourceTree = "<group>";
		};
		301 /* Moyu */ = {
			isa = PBXGroup;
			children = (
				101 /* MoyuApp.swift */,
				303 /* Models */,
				304 /* Views */,
				305 /* Services */,
				306 /* Utils */,
				307 /* Resources */,
				112 /* Moyu.entitlements */,
			);
			path = Moyu;
			sourceTree = "<group>";
		};
		302 /* Products */ = {
			isa = PBXGroup;
			children = (
				100 /* Moyu.app */,
			);
			name = Products;
			sourceTree = "<group>";
		};
		303 /* Models */ = {
			isa = PBXGroup;
			children = (
				102 /* AppState.swift */,
				103 /* Word.swift */,
			);
			path = Models;
			sourceTree = "<group>";
		};
		304 /* Views */ = {
			isa = PBXGroup;
			children = (
								ABFCFA2A47D0DD1D0A98B021 /* PracticeSessionView.swift */,
				B740C3D3451AAEA0FD865F6C /* EnhancedStatisticsView.swift */,
105 /* ContentView.swift */,
				106 /* HomeView.swift */,
				107 /* RememberView.swift */,
				108 /* ChoiceView.swift */,
				109 /* CongratulateView.swift */,
				114 /* WrongBookView.swift */,
				115 /* FavoritesView.swift */,
				116 /* StatisticsView.swift */,
				117 /* SettingsView.swift */,
			);
			path = Views;
			sourceTree = "<group>";
		};
		305 /* Services */ = {
			isa = PBXGroup;
			children = (
								9FEAF047EFC1473AD6A9770F /* SpacedRepetitionService.swift */,
104 /* DatabaseService.swift */,
			);
			path = Services;
			sourceTree = "<group>";
		};
		306 /* Utils */ = {
			isa = PBXGroup;
			children = (
								3E3E9F7B5497C79AF8BE6FEF /* ColorTheme.swift */,
				18A07A05D562BCC5BB141289 /* ViewModifiers.swift */,
				6D0E84F363FC5C5ADE976860 /* SafeSQLBuilder.swift */,
110 /* Extensions.swift */,
			);
			path = Utils;
			sourceTree = "<group>";
		};
		307 /* Resources */ = {
			isa = PBXGroup;
			children = (
				111 /* Assets.xcassets */,
				113 /* moyu.db */,
			);
			path = Resources;
			sourceTree = "<group>";
		};
/* End PBXGroup section */

/* Begin PBXNativeTarget section */
		400 /* Moyu */ = {
			isa = PBXNativeTarget;
			buildConfigurationList = 500 /* Build configuration list for PBXNativeTarget "Moyu" */;
			buildPhases = (
				401 /* Sources */,
				200 /* Frameworks */,
				402 /* Resources */,
			);
			buildRules = (
			);
			dependencies = (
			);
			name = Moyu;
			productName = Moyu;
			productReference = 100 /* Moyu.app */;
			productType = "com.apple.product-type.application";
		};
/* End PBXNativeTarget section */

/* Begin PBXProject section */
		600 /* Project object */ = {
			isa = PBXProject;
			attributes = {
				BuildIndependentTargetsInParallel = 1;
				LastSwiftUpdateCheck = 1500;
				LastUpgradeCheck = 1500;
				TargetAttributes = {
					400 = {
						CreatedOnToolsVersion = 15.0;
					};
				};
			};
			buildConfigurationList = 601 /* Build configuration list for PBXProject "Moyu" */;
			compatibilityVersion = "Xcode 14.0";
			developmentRegion = zh;
			hasScannedForEncodings = 0;
			knownRegions = (
				en,
				zh,
				Base,
			);
			mainGroup = 300;
			productRefGroup = 302 /* Products */;
			projectDirPath = "";
			projectRoot = "";
			targets = (
				400 /* Moyu */,
			);
		};
/* End PBXProject section */

/* Begin PBXResourcesBuildPhase section */
		402 /* Resources */ = {
			isa = PBXResourcesBuildPhase;
			buildActionMask = 2147483647;
			files = (
				011 /* Assets.xcassets in Resources */,
				012 /* moyu.db in Resources */,
			);
			runOnlyForDeploymentPostprocessing = 0;
		};
/* End PBXResourcesBuildPhase section */

/* Begin PBXSourcesBuildPhase section */
		401 /* Sources */ = {
			isa = PBXSourcesBuildPhase;
			buildActionMask = 2147483647;
			files = (
								7987689A43D545BBF2CE5311 /* ColorTheme.swift in Sources */,
				B2E350217013093ED6FF0EB4 /* ViewModifiers.swift in Sources */,
				3DA0DDC571E55E6498EC7B33 /* SafeSQLBuilder.swift in Sources */,
				5EDE5880BA3B24084EFA262B /* PracticeSessionView.swift in Sources */,
				55FF29FCC94A3D5ACD69862D /* EnhancedStatisticsView.swift in Sources */,
				2649A236DF87A10C9313FBDC /* SpacedRepetitionService.swift in Sources */,
001 /* MoyuApp.swift in Sources */,
				002 /* AppState.swift in Sources */,
				003 /* Word.swift in Sources */,
				004 /* DatabaseService.swift in Sources */,
				005 /* ContentView.swift in Sources */,
				006 /* HomeView.swift in Sources */,
				007 /* RememberView.swift in Sources */,
				008 /* ChoiceView.swift in Sources */,
				009 /* CongratulateView.swift in Sources */,
				010 /* Extensions.swift in Sources */,
				013 /* WrongBookView.swift in Sources */,
				014 /* FavoritesView.swift in Sources */,
				015 /* StatisticsView.swift in Sources */,
				016 /* SettingsView.swift in Sources */,
							34C1300C4F1348BA870E9C03 /* ContentViewV3.swift in Sources */,
				53A31D7FA848453498FC3268 /* PronunciationService.swift in Sources */,
				5519C7928D9C41DCB6965439 /* SettingsViewV3.swift in Sources */,
				92C834AA714A4AE7B7DDAAC7 /* DesignTokens.swift in Sources */,
				1FFBF8D27E2445E5B2340D87 /* MoyuButtons.swift in Sources */,
				9676A759E07E419F8F732560 /* MoyuCards.swift in Sources */,
				CF85373C031C4E2AB04CC104 /* MoyuFeedback.swift in Sources */,
				D2D21AB4993E488C82A5F2C5 /* MoyuInputs.swift in Sources */,
				E5580CD7349B45579AB22661 /* HomeViewV3.swift in Sources */,
				849FC9D0772C45BB8F41EC07 /* RememberViewV3.swift in Sources */,
				55AEDEEF9CC74D1EB3D122EC /* ChoiceViewV3.swift in Sources */,
				257C692B2A894E14988179EC /* StatisticsViewV3.swift in Sources */,
				6A0E09015DCF4ABD8C85090B /* PracticeSessionViewV3.swift in Sources */,
				90DB4AA49D014515A01440D7 /* CollectionsViewV3.swift in Sources */,
);
			runOnlyForDeploymentPostprocessing = 0;
		};
/* End PBXSourcesBuildPhase section */

/* Begin XCBuildConfiguration section */
		700 /* Debug */ = {
			isa = XCBuildConfiguration;
			buildSettings = {
				ALWAYS_SEARCH_USER_PATHS = NO;
				ASSETCATALOG_COMPILER_GENERATE_SWIFT_ASSET_SYMBOL_EXTENSIONS = YES;
				CLANG_ANALYZER_NONNULL = YES;
				CLANG_ANALYZER_NUMBER_OBJECT_CONVERSION = YES_AGGRESSIVE;
				CLANG_CXX_LANGUAGE_STANDARD = "gnu++20";
				CLANG_ENABLE_MODULES = YES;
				CLANG_ENABLE_OBJC_ARC = YES;
				CLANG_ENABLE_OBJC_WEAK = YES;
				CLANG_WARN_BLOCK_CAPTURE_AUTORELEASING = YES;
				CLANG_WARN_BOOL_CONVERSION = YES;
				CLANG_WARN_COMMA = YES;
				CLANG_WARN_CONSTANT_CONVERSION = YES;
				CLANG_WARN_DEPRECATED_OBJC_IMPLEMENTATIONS = YES;
				CLANG_WARN_DIRECT_OBJC_ISA_USAGE = YES_ERROR;
				CLANG_WARN_DOCUMENTATION_COMMENTS = YES;
				CLANG_WARN_EMPTY_BODY = YES;
				CLANG_WARN_ENUM_CONVERSION = YES;
				CLANG_WARN_INFINITE_RECURSION = YES;
				CLANG_WARN_INT_CONVERSION = YES;
				CLANG_WARN_NON_LITERAL_NULL_CONVERSION = YES;
				CLANG_WARN_OBJC_IMPLICIT_RETAIN_SELF = YES;
				CLANG_WARN_OBJC_LITERAL_CONVERSION = YES;
				CLANG_WARN_OBJC_ROOT_CLASS = YES_ERROR;
				CLANG_WARN_QUOTED_INCLUDE_IN_FRAMEWORK_HEADER = YES;
				CLANG_WARN_RANGE_LOOP_ANALYSIS = YES;
				CLANG_WARN_STRICT_PROTOTYPES = YES;
				CLANG_WARN_SUSPICIOUS_MOVE = YES;
				CLANG_WARN_UNGUARDED_AVAILABILITY = YES_AGGRESSIVE;
				CLANG_WARN_UNREACHABLE_CODE = YES;
				CLANG_WARN__DUPLICATE_METHOD_MATCH = YES;
				COPY_PHASE_STRIP = NO;
				DEBUG_INFORMATION_FORMAT = dwarf;
				ENABLE_STRICT_OBJC_MSGSEND = YES;
				ENABLE_TESTABILITY = YES;
				ENABLE_USER_SCRIPT_SANDBOXING = YES;
				GCC_C_LANGUAGE_STANDARD = gnu17;
				GCC_DYNAMIC_NO_PIC = NO;
				GCC_NO_COMMON_BLOCKS = YES;
				GCC_OPTIMIZATION_LEVEL = 0;
				GCC_PREPROCESSOR_DEFINITIONS = (
					"DEBUG=1",
					"$(inherited)",
				);
				GCC_WARN_64_TO_32_BIT_CONVERSION = YES;
				GCC_WARN_ABOUT_RETURN_TYPE = YES_ERROR;
				GCC_WARN_UNDECLARED_SELECTOR = YES;
				GCC_WARN_UNINITIALIZED_AUTOS = YES_AGGRESSIVE;
				GCC_WARN_UNUSED_FUNCTION = YES;
				GCC_WARN_UNUSED_VARIABLE = YES;
				MACOSX_DEPLOYMENT_TARGET = 13.0;
				MTL_ENABLE_DEBUG_INFO = INCLUDE_SOURCE;
				MTL_FAST_MATH = YES;
				ONLY_ACTIVE_ARCH = YES;
				SDKROOT = macosx;
				SWIFT_ACTIVE_COMPILATION_CONDITIONS = "DEBUG $(inherited)";
				SWIFT_OPTIMIZATION_LEVEL = "-Onone";
			};
			name = Debug;
		};
		701 /* Release */ = {
			isa = XCBuildConfiguration;
			buildSettings = {
				ALWAYS_SEARCH_USER_PATHS = NO;
				ASSETCATALOG_COMPILER_GENERATE_SWIFT_ASSET_SYMBOL_EXTENSIONS = YES;
				CLANG_ANALYZER_NONNULL = YES;
				CLANG_ANALYZER_NUMBER_OBJECT_CONVERSION = YES_AGGRESSIVE;
				CLANG_CXX_LANGUAGE_STANDARD = "gnu++20";
				CLANG_ENABLE_MODULES = YES;
				CLANG_ENABLE_OBJC_ARC = YES;
				CLANG_ENABLE_OBJC_WEAK = YES;
				CLANG_WARN_BLOCK_CAPTURE_AUTORELEASING = YES;
				CLANG_WARN_BOOL_CONVERSION = YES;
				CLANG_WARN_COMMA = YES;
				CLANG_WARN_CONSTANT_CONVERSION = YES;
				CLANG_WARN_DEPRECATED_OBJC_IMPLEMENTATIONS = YES;
				CLANG_WARN_DIRECT_OBJC_ISA_USAGE = YES_ERROR;
				CLANG_WARN_DOCUMENTATION_COMMENTS = YES;
				CLANG_WARN_EMPTY_BODY = YES;
				CLANG_WARN_ENUM_CONVERSION = YES;
				CLANG_WARN_INFINITE_RECURSION = YES;
				CLANG_WARN_INT_CONVERSION = YES;
				CLANG_WARN_NON_LITERAL_NULL_CONVERSION = YES;
				CLANG_WARN_OBJC_IMPLICIT_RETAIN_SELF = YES;
				CLANG_WARN_OBJC_LITERAL_CONVERSION = YES;
				CLANG_WARN_OBJC_ROOT_CLASS = YES_ERROR;
				CLANG_WARN_QUOTED_INCLUDE_IN_FRAMEWORK_HEADER = YES;
				CLANG_WARN_RANGE_LOOP_ANALYSIS = YES;
				CLANG_WARN_STRICT_PROTOTYPES = YES;
				CLANG_WARN_SUSPICIOUS_MOVE = YES;
				CLANG_WARN_UNGUARDED_AVAILABILITY = YES_AGGRESSIVE;
				CLANG_WARN_UNREACHABLE_CODE = YES;
				CLANG_WARN__DUPLICATE_METHOD_MATCH = YES;
				COPY_PHASE_STRIP = NO;
				DEBUG_INFORMATION_FORMAT = "dwarf-with-dsym";
				ENABLE_NS_ASSERTIONS = NO;
				ENABLE_STRICT_OBJC_MSGSEND = YES;
				ENABLE_USER_SCRIPT_SANDBOXING = YES;
				GCC_C_LANGUAGE_STANDARD = gnu17;
				GCC_NO_COMMON_BLOCKS = YES;
				GCC_WARN_64_TO_32_BIT_CONVERSION = YES;
				GCC_WARN_ABOUT_RETURN_TYPE = YES_ERROR;
				GCC_WARN_UNDECLARED_SELECTOR = YES;
				GCC_WARN_UNINITIALIZED_AUTOS = YES_AGGRESSIVE;
				GCC_WARN_UNUSED_FUNCTION = YES;
				GCC_WARN_UNUSED_VARIABLE = YES;
				MACOSX_DEPLOYMENT_TARGET = 13.0;
				MTL_ENABLE_DEBUG_INFO = NO;
				MTL_FAST_MATH = YES;
				SDKROOT = macosx;
				SWIFT_COMPILATION_MODE = wholemodule;
			};
			name = Release;
		};
		702 /* Debug */ = {
			isa = XCBuildConfiguration;
			buildSettings = {
				ASSETCATALOG_COMPILER_APPICON_NAME = AppIcon;
				ASSETCATALOG_COMPILER_GLOBAL_ACCENT_COLOR_NAME = AccentColor;
				CODE_SIGN_ENTITLEMENTS = Moyu/Moyu.entitlements;
				CODE_SIGN_STYLE = Automatic;
				COMBINE_HIDPI_IMAGES = YES;
				CURRENT_PROJECT_VERSION = 210;
				DEVELOPMENT_ASSET_PATHS = "";
				ENABLE_HARDENED_RUNTIME = YES;
				ENABLE_PREVIEWS = YES;
				GENERATE_INFOPLIST_FILE = YES;
				INFOPLIST_KEY_CFBundleDisplayName = "Moyu 摸鱼背单词";
				INFOPLIST_KEY_LSApplicationCategoryType = "public.app-category.education";
				INFOPLIST_KEY_NSHumanReadableCopyright = "Copyright © 2024 Moyu. All rights reserved.";
				LD_RUNPATH_SEARCH_PATHS = (
					"$(inherited)",
					"@executable_path/../Frameworks",
				);
				MARKETING_VERSION = 2.1.0;
				PRODUCT_BUNDLE_IDENTIFIER = com.moyu.app;
				PRODUCT_NAME = "$(TARGET_NAME)";
				SWIFT_EMIT_LOC_STRINGS = YES;
				SWIFT_VERSION = 5.0;
			};
			name = Debug;
		};
		703 /* Release */ = {
			isa = XCBuildConfiguration;
			buildSettings = {
				ASSETCATALOG_COMPILER_APPICON_NAME = AppIcon;
				ASSETCATALOG_COMPILER_GLOBAL_ACCENT_COLOR_NAME = AccentColor;
				CODE_SIGN_ENTITLEMENTS = Moyu/Moyu.entitlements;
				CODE_SIGN_STYLE = Automatic;
				COMBINE_HIDPI_IMAGES = YES;
				CURRENT_PROJECT_VERSION = 210;
				DEVELOPMENT_ASSET_PATHS = "";
				ENABLE_HARDENED_RUNTIME = YES;
				ENABLE_PREVIEWS = YES;
				GENERATE_INFOPLIST_FILE = YES;
				INFOPLIST_KEY_CFBundleDisplayName = "Moyu 摸鱼背单词";
				INFOPLIST_KEY_LSApplicationCategoryType = "public.app-category.education";
				INFOPLIST_KEY_NSHumanReadableCopyright = "Copyright © 2024 Moyu. All rights reserved.";
				LD_RUNPATH_SEARCH_PATHS = (
					"$(inherited)",
					"@executable_path/../Frameworks",
				);
				MARKETING_VERSION = 2.1.0;
				PRODUCT_BUNDLE_IDENTIFIER = com.moyu.app;
				PRODUCT_NAME = "$(TARGET_NAME)";
				SWIFT_EMIT_LOC_STRINGS = YES;
				SWIFT_VERSION = 5.0;
			};
			name = Release;
		};
/* End XCBuildConfiguration section */

/* Begin XCConfigurationList section */
		500 /* Build configuration list for PBXNativeTarget "Moyu" */ = {
			isa = XCConfigurationList;
			buildConfigurations = (
				702 /* Debug */,
				703 /* Release */,
			);
			defaultConfigurationIsVisible = 0;
			defaultConfigurationName = Release;
		};
		601 /* Build configuration list for PBXProject "Moyu" */ = {
			isa = XCConfigurationList;
			buildConfigurations = (
				700 /* Debug */,
				701 /* Release */,
			);
			defaultConfigurationIsVisible = 0;
			defaultConfigurationName = Release;
		};
/* End XCConfigurationList section */
	};
	rootObject = 600 /* Project object */;
}
